
Microsoft Visual Studio Solution File, Format Version 12.00
Project("{FAE04EC0-301F-11D3-BF4B-00C04F79EFBC}") = "StockMarketGame", "StockMarketGame\StockMarketGame.csproj", "{C7433306-BA9E-438A-AF0A-FE4E34E5C038}"
EndProject
Project("{FAE04EC0-301F-11D3-BF4B-00C04F79EFBC}") = "StockMarketGameTests", "StockMarketGameTests\StockMarketGameTests.csproj", "{7E666DD6-D37D-4251-86AD-56B91669F456}"
EndProject
Global
	GlobalSection(SolutionConfigurationPlatforms) = preSolution
		Debug|Any CPU = Debug|Any CPU
		Release|Any CPU = Release|Any CPU
	EndGlobalSection
	GlobalSection(ProjectConfigurationPlatforms) = postSolution
		{C7433306-BA9E-438A-AF0A-FE4E34E5C038}.Debug|Any CPU.ActiveCfg = Debug|Any CPU
		{C7433306-BA9E-438A-AF0A-FE4E34E5C038}.Debug|Any CPU.Build.0 = Debug|Any CPU
		{C7433306-BA9E-438A-AF0A-FE4E34E5C038}.Release|Any CPU.ActiveCfg = Release|Any CPU
		{C7433306-BA9E-438A-AF0A-FE4E34E5C038}.Release|Any CPU.Build.0 = Release|Any CPU
		{7E666DD6-D37D-4251-86AD-56B91669F456}.Debug|Any CPU.ActiveCfg = Debug|Any CPU
		{7E666DD6-D37D-4251-86AD-56B91669F456}.Debug|Any CPU.Build.0 = Debug|Any CPU
		{7E666DD6-D37D-4251-86AD-56B91669F456}.Release|Any CPU.ActiveCfg = Release|Any CPU
		{7E666DD6-D37D-4251-86AD-56B91669F456}.Release|Any CPU.Build.0 = Release|Any CPU
	EndGlobalSection
EndGlobal
